
Microsoft Visual Studio Solution File, Format Version 12.00
# Visual Studio 2013
VisualStudioVersion = 12.0.21005.1
MinimumVisualStudioVersion = 10.0.40219.1
Project("{8BC9CEB8-8B4A-11D0-8D11-00A0C91BC942}") = "openGL", "openGL\openGL.vcxproj", "{86B14148-0B24-4744-A76A-20E3DC4211DD}"
EndProject
Global
	GlobalSection(SolutionConfigurationPlatforms) = preSolution
		Debug|Win32 = Debug|Win32
		Release|Win32 = Release|Win32
	EndGlobalSection
	GlobalSection(ProjectConfigurationPlatforms) = postSolution
		{86B14148-0B24-4744-A76A-20E3DC4211DD}.Debug|Win32.ActiveCfg = Debug|Win32
		{86B14148-0B24-4744-A76A-20E3DC4211DD}.Debug|Win32.Build.0 = Debug|Win32
		{86B14148-0B24-4744-A76A-20E3DC4211DD}.Release|Win32.ActiveCfg = Release|Win32
		{86B14148-0B24-4744-A76A-20E3DC4211DD}.Release|Win32.Build.0 = Release|Win32
	EndGlobalSection
	GlobalSection(SolutionProperties) = preSolution
		HideSolutionNode = FALSE
	EndGlobalSection
EndGlobal
